
Microsoft Visual Studio Solution File, Format Version 12.00
# Visual Studio 15
VisualStudioVersion = 15.0.27004.2002
MinimumVisualStudioVersion = 10.0.40219.1
Project("{FAE04EC0-301F-11D3-BF4B-00C04F79EFBC}") = "MovieNightr.API", "MovieNightr.API\MovieNightr.API.csproj", "{A8DDEEF5-CB7B-4DBE-B710-700134EC4C7B}"
EndProject
Project("{FAE04EC0-301F-11D3-BF4B-00C04F79EFBC}") = "MovieNightr.Business", "MovieNightr.Business\MovieNightr.Business.csproj", "{6A9F3EA8-017A-4C1A-B702-8463CE924BDB}"
EndProject
Project("{FAE04EC0-301F-11D3-BF4B-00C04F79EFBC}") = "MovieNightr.Data", "MovieNightr.Data\MovieNightr.Data.csproj", "{1FD7EB26-1D25-4398-979C-CB42DEAABCEB}"
EndProject
Project("{9A19103F-16F7-4668-BE54-9A1E7A4F7556}") = "MovieNightr.IMDB", "MovieNightr.IMDB\MovieNightr.IMDB.csproj", "{D1B78229-77E8-4B2A-A3A4-B29516C80113}"
EndProject
Project("{159641D6-6404-4A2A-AE62-294DE0FE8301}") = "MovieNightr.DataImport", "MovieNightr.DataImport\MovieNightr.DataImport.dtproj", "{B352956E-ADAD-4A8A-88D9-5EEB9BF86E66}"
EndProject
Global
	GlobalSection(SolutionConfigurationPlatforms) = preSolution
		Debug|Any CPU = Debug|Any CPU
		Development|Any CPU = Development|Any CPU
		Release|Any CPU = Release|Any CPU
	EndGlobalSection
	GlobalSection(ProjectConfigurationPlatforms) = postSolution
		{A8DDEEF5-CB7B-4DBE-B710-700134EC4C7B}.Debug|Any CPU.ActiveCfg = Debug|Any CPU
		{A8DDEEF5-CB7B-4DBE-B710-700134EC4C7B}.Debug|Any CPU.Build.0 = Debug|Any CPU
		{A8DDEEF5-CB7B-4DBE-B710-700134EC4C7B}.Development|Any CPU.ActiveCfg = Debug|Any CPU
		{A8DDEEF5-CB7B-4DBE-B710-700134EC4C7B}.Development|Any CPU.Build.0 = Debug|Any CPU
		{A8DDEEF5-CB7B-4DBE-B710-700134EC4C7B}.Release|Any CPU.ActiveCfg = Release|Any CPU
		{A8DDEEF5-CB7B-4DBE-B710-700134EC4C7B}.Release|Any CPU.Build.0 = Release|Any CPU
		{6A9F3EA8-017A-4C1A-B702-8463CE924BDB}.Debug|Any CPU.ActiveCfg = Debug|Any CPU
		{6A9F3EA8-017A-4C1A-B702-8463CE924BDB}.Debug|Any CPU.Build.0 = Debug|Any CPU
		{6A9F3EA8-017A-4C1A-B702-8463CE924BDB}.Development|Any CPU.ActiveCfg = Debug|Any CPU
		{6A9F3EA8-017A-4C1A-B702-8463CE924BDB}.Development|Any CPU.Build.0 = Debug|Any CPU
		{6A9F3EA8-017A-4C1A-B702-8463CE924BDB}.Release|Any CPU.ActiveCfg = Release|Any CPU
		{6A9F3EA8-017A-4C1A-B702-8463CE924BDB}.Release|Any CPU.Build.0 = Release|Any CPU
		{1FD7EB26-1D25-4398-979C-CB42DEAABCEB}.Debug|Any CPU.ActiveCfg = Debug|Any CPU
		{1FD7EB26-1D25-4398-979C-CB42DEAABCEB}.Debug|Any CPU.Build.0 = Debug|Any CPU
		{1FD7EB26-1D25-4398-979C-CB42DEAABCEB}.Development|Any CPU.ActiveCfg = Debug|Any CPU
		{1FD7EB26-1D25-4398-979C-CB42DEAABCEB}.Development|Any CPU.Build.0 = Debug|Any CPU
		{1FD7EB26-1D25-4398-979C-CB42DEAABCEB}.Release|Any CPU.ActiveCfg = Release|Any CPU
		{1FD7EB26-1D25-4398-979C-CB42DEAABCEB}.Release|Any CPU.Build.0 = Release|Any CPU
		{D1B78229-77E8-4B2A-A3A4-B29516C80113}.Debug|Any CPU.ActiveCfg = Debug|Any CPU
		{D1B78229-77E8-4B2A-A3A4-B29516C80113}.Debug|Any CPU.Build.0 = Debug|Any CPU
		{D1B78229-77E8-4B2A-A3A4-B29516C80113}.Development|Any CPU.ActiveCfg = Debug|Any CPU
		{D1B78229-77E8-4B2A-A3A4-B29516C80113}.Development|Any CPU.Build.0 = Debug|Any CPU
		{D1B78229-77E8-4B2A-A3A4-B29516C80113}.Release|Any CPU.ActiveCfg = Release|Any CPU
		{D1B78229-77E8-4B2A-A3A4-B29516C80113}.Release|Any CPU.Build.0 = Release|Any CPU
		{B352956E-ADAD-4A8A-88D9-5EEB9BF86E66}.Debug|Any CPU.ActiveCfg = Development
		{B352956E-ADAD-4A8A-88D9-5EEB9BF86E66}.Debug|Any CPU.Build.0 = Development
		{B352956E-ADAD-4A8A-88D9-5EEB9BF86E66}.Development|Any CPU.ActiveCfg = Development
		{B352956E-ADAD-4A8A-88D9-5EEB9BF86E66}.Development|Any CPU.Build.0 = Development
		{B352956E-ADAD-4A8A-88D9-5EEB9BF86E66}.Release|Any CPU.ActiveCfg = Development
		{B352956E-ADAD-4A8A-88D9-5EEB9BF86E66}.Release|Any CPU.Build.0 = Development
	EndGlobalSection
	GlobalSection(SolutionProperties) = preSolution
		HideSolutionNode = FALSE
	EndGlobalSection
	GlobalSection(ExtensibilityGlobals) = postSolution
		SolutionGuid = {302B1235-BA3A-4EA1-958E-61D655998155}
	EndGlobalSection
EndGlobal
